// !$*UTF8*$!
{
	archiveVersion = 1;
	classes = {
	};
	objectVersion = 46;
	objects = {

/* Begin PBXBuildFile section */
		2C9114201F135CA900B21B56 /* ChapterCell.xib in Resources */ = {isa = PBXBuildFile; fileRef = 2C91141F1F135CA900B21B56 /* ChapterCell.xib */; };
		2C9114231F135DB500B21B56 /* ChapterModel.swift in Sources */ = {isa = PBXBuildFile; fileRef = 2C9114221F135DB500B21B56 /* ChapterModel.swift */; };
		2C9114261F136AC200B21B56 /* Series.swift in Sources */ = {isa = PBXBuildFile; fileRef = 2C9114251F136AC200B21B56 /* Series.swift */; };
		2CB02CB91F0A95D200FF0950 /* AppDelegate.swift in Sources */ = {isa = PBXBuildFile; fileRef = 2CB02CB81F0A95D200FF0950 /* AppDelegate.swift */; };
		2CB02CBB1F0A95D200FF0950 /* ViewController.swift in Sources */ = {isa = PBXBuildFile; fileRef = 2CB02CBA1F0A95D200FF0950 /* ViewController.swift */; };
		2CB02CBE1F0A95D200FF0950 /* Main.storyboard in Resources */ = {isa = PBXBuildFile; fileRef = 2CB02CBC1F0A95D200FF0950 /* Main.storyboard */; };
		2CB02CC01F0A95D200FF0950 /* Assets.xcassets in Resources */ = {isa = PBXBuildFile; fileRef = 2CB02CBF1F0A95D200FF0950 /* Assets.xcassets */; };
		2CB02CC31F0A95D200FF0950 /* LaunchScreen.storyboard in Resources */ = {isa = PBXBuildFile; fileRef = 2CB02CC11F0A95D200FF0950 /* LaunchScreen.storyboard */; };
		2CB02CCB1F0AAC6C00FF0950 /* Extentions.swift in Sources */ = {isa = PBXBuildFile; fileRef = 2CB02CCA1F0AAC6C00FF0950 /* Extentions.swift */; };
		2CD50DCB1F0F85240054F899 /* ConstantsFile.swift in Sources */ = {isa = PBXBuildFile; fileRef = 2CD50DCA1F0F85240054F899 /* ConstantsFile.swift */; };
		2CD50DCE1F0F867F0054F899 /* ChapterCell.swift in Sources */ = {isa = PBXBuildFile; fileRef = 2CD50DCD1F0F867F0054F899 /* ChapterCell.swift */; };
/* End PBXBuildFile section */

/* Begin PBXFileReference section */
		2C91141F1F135CA900B21B56 /* ChapterCell.xib */ = {isa = PBXFileReference; fileEncoding = 4; lastKnownFileType = file.xib; path = ChapterCell.xib; sourceTree = "<group>"; };
		2C9114221F135DB500B21B56 /* ChapterModel.swift */ = {isa = PBXFileReference; fileEncoding = 4; lastKnownFileType = sourcecode.swift; path = ChapterModel.swift; sourceTree = "<group>"; };
		2C9114251F136AC200B21B56 /* Series.swift */ = {isa = PBXFileReference; fileEncoding = 4; lastKnownFileType = sourcecode.swift; path = Series.swift; sourceTree = "<group>"; };
		2CB02CB51F0A95D200FF0950 /* Algorithm.app */ = {isa = PBXFileReference; explicitFileType = wrapper.application; includeInIndex = 0; path = Algorithm.app; sourceTree = BUILT_PRODUCTS_DIR; };
		2CB02CB81F0A95D200FF0950 /* AppDelegate.swift */ = {isa = PBXFileReference; lastKnownFileType = sourcecode.swift; path = AppDelegate.swift; sourceTree = "<group>"; };
		2CB02CBA1F0A95D200FF0950 /* ViewController.swift */ = {isa = PBXFileReference; lastKnownFileType = sourcecode.swift; path = ViewController.swift; sourceTree = "<group>"; };
		2CB02CBD1F0A95D200FF0950 /* Base */ = {isa = PBXFileReference; lastKnownFileType = file.storyboard; name = Base; path = Base.lproj/Main.storyboard; sourceTree = "<group>"; };
		2CB02CBF1F0A95D200FF0950 /* Assets.xcassets */ = {isa = PBXFileReference; lastKnownFileType = folder.assetcatalog; path = Assets.xcassets; sourceTree = "<group>"; };
		2CB02CC21F0A95D200FF0950 /* Base */ = {isa = PBXFileReference; lastKnownFileType = file.storyboard; name = Base; path = Base.lproj/LaunchScreen.storyboard; sourceTree = "<group>"; };
		2CB02CC41F0A95D300FF0950 /* Info.plist */ = {isa = PBXFileReference; lastKnownFileType = text.plist.xml; path = Info.plist; sourceTree = "<group>"; };
		2CB02CCA1F0AAC6C00FF0950 /* Extentions.swift */ = {isa = PBXFileReference; fileEncoding = 4; lastKnownFileType = sourcecode.swift; path = Extentions.swift; sourceTree = "<group>"; };
		2CD50DCA1F0F85240054F899 /* ConstantsFile.swift */ = {isa = PBXFileReference; fileEncoding = 4; lastKnownFileType = sourcecode.swift; path = ConstantsFile.swift; sourceTree = "<group>"; };
		2CD50DCD1F0F867F0054F899 /* ChapterCell.swift */ = {isa = PBXFileReference; fileEncoding = 4; lastKnownFileType = sourcecode.swift; path = ChapterCell.swift; sourceTree = "<group>"; };
/* End PBXFileReference section */

/* Begin PBXFrameworksBuildPhase section */
		2CB02CB21F0A95D200FF0950 /* Frameworks */ = {
			isa = PBXFrameworksBuildPhase;
			buildActionMask = 2147483647;
			files = (
			);
			runOnlyForDeploymentPostprocessing = 0;
		};
/* End PBXFrameworksBuildPhase section */

/* Begin PBXGroup section */
		2C9114211F135D9D00B21B56 /* Model */ = {
			isa = PBXGroup;
			children = (
				2C9114221F135DB500B21B56 /* ChapterModel.swift */,
			);
			name = Model;
			sourceTree = "<group>";
		};
		2C9114241F136AA900B21B56 /* Utils */ = {
			isa = PBXGroup;
			children = (
				2C9114251F136AC200B21B56 /* Series.swift */,
			);
			name = Utils;
			sourceTree = "<group>";
		};
		2CB02CAC1F0A95D100FF0950 = {
			isa = PBXGroup;
			children = (
				2CB02CB71F0A95D200FF0950 /* Algorithm */,
				2CB02CB61F0A95D200FF0950 /* Products */,
			);
			sourceTree = "<group>";
		};
		2CB02CB61F0A95D200FF0950 /* Products */ = {
			isa = PBXGroup;
			children = (
				2CB02CB51F0A95D200FF0950 /* Algorithm.app */,
			);
			name = Products;
			sourceTree = "<group>";
		};
		2CB02CB71F0A95D200FF0950 /* Algorithm */ = {
			isa = PBXGroup;
			children = (
				2C9114241F136AA900B21B56 /* Utils */,
				2C9114211F135D9D00B21B56 /* Model */,
				2CD50DCC1F0F86250054F899 /* Cells */,
				2CB02CB81F0A95D200FF0950 /* AppDelegate.swift */,
				2CB02CBA1F0A95D200FF0950 /* ViewController.swift */,
				2CB02CBC1F0A95D200FF0950 /* Main.storyboard */,
				2CB02CBF1F0A95D200FF0950 /* Assets.xcassets */,
				2CB02CC11F0A95D200FF0950 /* LaunchScreen.storyboard */,
				2CB02CC41F0A95D300FF0950 /* Info.plist */,
				2CB02CCA1F0AAC6C00FF0950 /* Extentions.swift */,
				2CD50DCA1F0F85240054F899 /* ConstantsFile.swift */,
			);
			name = Algorithm;
			path = Algirithm;
			sourceTree = "<group>";
		};
		2CD50DCC1F0F86250054F899 /* Cells */ = {
			isa = PBXGroup;
			children = (
				2CE959F71F13C13200D3C183 /* Chapter Cell */,
			);
			name = Cells;
			sourceTree = "<group>";
		};
		2CE959F71F13C13200D3C183 /* Chapter Cell */ = {
			isa = PBXGroup;
			children = (
				2CD50DCD1F0F867F0054F899 /* ChapterCell.swift */,
				2C91141F1F135CA900B21B56 /* ChapterCell.xib */,
			);
			name = "Chapter Cell";
			sourceTree = "<group>";
		};
/* End PBXGroup section */

/* Begin PBXNativeTarget section */
		2CB02CB41F0A95D200FF0950 /* Algorithm */ = {
			isa = PBXNativeTarget;
			buildConfigurationList = 2CB02CC71F0A95D300FF0950 /* Build configuration list for PBXNativeTarget "Algorithm" */;
			buildPhases = (
				2CB02CB11F0A95D200FF0950 /* Sources */,
				2CB02CB21F0A95D200FF0950 /* Frameworks */,
				2CB02CB31F0A95D200FF0950 /* Resources */,
			);
			buildRules = (
			);
			dependencies = (
			);
			name = Algorithm;
			productName = Algirithm;
			productReference = 2CB02CB51F0A95D200FF0950 /* Algorithm.app */;
			productType = "com.apple.product-type.application";
		};
/* End PBXNativeTarget section */

/* Begin PBXProject section */
		2CB02CAD1F0A95D100FF0950 /* Project object */ = {
			isa = PBXProject;
			attributes = {
				LastSwiftUpdateCheck = 0830;
				LastUpgradeCheck = 0830;
				ORGANIZATIONNAME = boost;
				TargetAttributes = {
					2CB02CB41F0A95D200FF0950 = {
						CreatedOnToolsVersion = 8.3.1;
						DevelopmentTeam = 79E77Q3Z46;
						ProvisioningStyle = Automatic;
					};
				};
			};
			buildConfigurationList = 2CB02CB01F0A95D100FF0950 /* Build configuration list for PBXProject "Algorithm" */;
			compatibilityVersion = "Xcode 3.2";
			developmentRegion = English;
			hasScannedForEncodings = 0;
			knownRegions = (
				en,
				Base,
			);
			mainGroup = 2CB02CAC1F0A95D100FF0950;
			productRefGroup = 2CB02CB61F0A95D200FF0950 /* Products */;
			projectDirPath = "";
			projectRoot = "";
			targets = (
				2CB02CB41F0A95D200FF0950 /* Algorithm */,
			);
		};
/* End PBXProject section */

/* Begin PBXResourcesBuildPhase section */
		2CB02CB31F0A95D200FF0950 /* Resources */ = {
			isa = PBXResourcesBuildPhase;
			buildActionMask = 2147483647;
			files = (
				2CB02CC31F0A95D200FF0950 /* LaunchScreen.storyboard in Resources */,
				2CB02CC01F0A95D200FF0950 /* Assets.xcassets in Resources */,
				2C9114201F135CA900B21B56 /* ChapterCell.xib in Resources */,
				2CB02CBE1F0A95D200FF0950 /* Main.storyboard in Resources */,
			);
			runOnlyForDeploymentPostprocessing = 0;
		};
/* End PBXResourcesBuildPhase section */

/* Begin PBXSourcesBuildPhase section */
		2CB02CB11F0A95D200FF0950 /* Sources */ = {
			isa = PBXSourcesBuildPhase;
			buildActionMask = 2147483647;
			files = (
				2CD50DCE1F0F867F0054F899 /* ChapterCell.swift in Sources */,
				2C9114231F135DB500B21B56 /* ChapterModel.swift in Sources */,
				2CB02CBB1F0A95D200FF0950 /* ViewController.swift in Sources */,
				2CB02CB91F0A95D200FF0950 /* AppDelegate.swift in Sources */,
				2CB02CCB1F0AAC6C00FF0950 /* Extentions.swift in Sources */,
				2CD50DCB1F0F85240054F899 /* ConstantsFile.swift in Sources */,
				2C9114261F136AC200B21B56 /* Series.swift in Sources */,
			);
			runOnlyForDeploymentPostprocessing = 0;
		};
/* End PBXSourcesBuildPhase section */

/* Begin PBXVariantGroup section */
		2CB02CBC1F0A95D200FF0950 /* Main.storyboard */ = {
			isa = PBXVariantGroup;
			children = (
				2CB02CBD1F0A95D200FF0950 /* Base */,
			);
			name = Main.storyboard;
			sourceTree = "<group>";
		};
		2CB02CC11F0A95D200FF0950 /* LaunchScreen.storyboard */ = {
			isa = PBXVariantGroup;
			children = (
				2CB02CC21F0A95D200FF0950 /* Base */,
			);
			name = LaunchScreen.storyboard;
			sourceTree = "<group>";
		};
/* End PBXVariantGroup section */

/* Begin XCBuildConfiguration section */
		2CB02CC51F0A95D300FF0950 /* Debug */ = {
			isa = XCBuildConfiguration;
			buildSettings = {
				ALWAYS_SEARCH_USER_PATHS = NO;
				CLANG_ANALYZER_NONNULL = YES;
				CLANG_ANALYZER_NUMBER_OBJECT_CONVERSION = YES_AGGRESSIVE;
				CLANG_CXX_LANGUAGE_STANDARD = "gnu++0x";
				CLANG_CXX_LIBRARY = "libc++";
				CLANG_ENABLE_MODULES = YES;
				CLANG_ENABLE_OBJC_ARC = YES;
				CLANG_WARN_BOOL_CONVERSION = YES;
				CLANG_WARN_CONSTANT_CONVERSION = YES;
				CLANG_WARN_DIRECT_OBJC_ISA_USAGE = YES_ERROR;
				CLANG_WARN_DOCUMENTATION_COMMENTS = YES;
				CLANG_WARN_EMPTY_BODY = YES;
				CLANG_WARN_ENUM_CONVERSION = YES;
				CLANG_WARN_INFINITE_RECURSION = YES;
				CLANG_WARN_INT_CONVERSION = YES;
				CLANG_WARN_OBJC_ROOT_CLASS = YES_ERROR;
				CLANG_WARN_SUSPICIOUS_MOVE = YES;
				CLANG_WARN_UNREACHABLE_CODE = YES;
				CLANG_WARN__DUPLICATE_METHOD_MATCH = YES;
				"CODE_SIGN_IDENTITY[sdk=iphoneos*]" = "iPhone Developer";
				COPY_PHASE_STRIP = NO;
				DEBUG_INFORMATION_FORMAT = dwarf;
				ENABLE_STRICT_OBJC_MSGSEND = YES;
				ENABLE_TESTABILITY = YES;
				GCC_C_LANGUAGE_STANDARD = gnu99;
				GCC_DYNAMIC_NO_PIC = NO;
				GCC_NO_COMMON_BLOCKS = YES;
				GCC_OPTIMIZATION_LEVEL = 0;
				GCC_PREPROCESSOR_DEFINITIONS = (
					"DEBUG=1",
					"$(inherited)",
				);
				GCC_WARN_64_TO_32_BIT_CONVERSION = YES;
				GCC_WARN_ABOUT_RETURN_TYPE = YES_ERROR;
				GCC_WARN_UNDECLARED_SELECTOR = YES;
				GCC_WARN_UNINITIALIZED_AUTOS = YES_AGGRESSIVE;
				GCC_WARN_UNUSED_FUNCTION = YES;
				GCC_WARN_UNUSED_VARIABLE = YES;
				IPHONEOS_DEPLOYMENT_TARGET = 10.3;
				MTL_ENABLE_DEBUG_INFO = YES;
				ONLY_ACTIVE_ARCH = YES;
				SDKROOT = iphoneos;
				SWIFT_ACTIVE_COMPILATION_CONDITIONS = DEBUG;
				SWIFT_OPTIMIZATION_LEVEL = "-Onone";
				TARGETED_DEVICE_FAMILY = "1,2";
			};
			name = Debug;
		};
		2CB02CC61F0A95D300FF0950 /* Release */ = {
			isa = XCBuildConfiguration;
			buildSettings = {
				ALWAYS_SEARCH_USER_PATHS = NO;
				CLANG_ANALYZER_NONNULL = YES;
				CLANG_ANALYZER_NUMBER_OBJECT_CONVERSION = YES_AGGRESSIVE;
				CLANG_CXX_LANGUAGE_STANDARD = "gnu++0x";
				CLANG_CXX_LIBRARY = "libc++";
				CLANG_ENABLE_MODULES = YES;
				CLANG_ENABLE_OBJC_ARC = YES;
				CLANG_WARN_BOOL_CONVERSION = YES;
				CLANG_WARN_CONSTANT_CONVERSION = YES;
				CLANG_WARN_DIRECT_OBJC_ISA_USAGE = YES_ERROR;
				CLANG_WARN_DOCUMENTATION_COMMENTS = YES;
				CLANG_WARN_EMPTY_BODY = YES;
				CLANG_WARN_ENUM_CONVERSION = YES;
				CLANG_WARN_INFINITE_RECURSION = YES;
				CLANG_WARN_INT_CONVERSION = YES;
				CLANG_WARN_OBJC_ROOT_CLASS = YES_ERROR;
				CLANG_WARN_SUSPICIOUS_MOVE = YES;
				CLANG_WARN_UNREACHABLE_CODE = YES;
				CLANG_WARN__DUPLICATE_METHOD_MATCH = YES;
				"CODE_SIGN_IDENTITY[sdk=iphoneos*]" = "iPhone Developer";
				COPY_PHASE_STRIP = NO;
				DEBUG_INFORMATION_FORMAT = "dwarf-with-dsym";
				ENABLE_NS_ASSERTIONS = NO;
				ENABLE_STRICT_OBJC_MSGSEND = YES;
				GCC_C_LANGUAGE_STANDARD = gnu99;
				GCC_NO_COMMON_BLOCKS = YES;
				GCC_WARN_64_TO_32_BIT_CONVERSION = YES;
				GCC_WARN_ABOUT_RETURN_TYPE = YES_ERROR;
				GCC_WARN_UNDECLARED_SELECTOR = YES;
				GCC_WARN_UNINITIALIZED_AUTOS = YES_AGGRESSIVE;
				GCC_WARN_UNUSED_FUNCTION = YES;
				GCC_WARN_UNUSED_VARIABLE = YES;
				IPHONEOS_DEPLOYMENT_TARGET = 10.3;
				MTL_ENABLE_DEBUG_INFO = NO;
				SDKROOT = iphoneos;
				SWIFT_OPTIMIZATION_LEVEL = "-Owholemodule";
				TARGETED_DEVICE_FAMILY = "1,2";
				VALIDATE_PRODUCT = YES;
			};
			name = Release;
		};
		2CB02CC81F0A95D300FF0950 /* Debug */ = {
			isa = XCBuildConfiguration;
			buildSettings = {
				ASSETCATALOG_COMPILER_APPICON_NAME = AppIcon;
				DEVELOPMENT_TEAM = 79E77Q3Z46;
				INFOPLIST_FILE = Algirithm/Info.plist;
				LD_RUNPATH_SEARCH_PATHS = "$(inherited) @executable_path/Frameworks";
				PRODUCT_BUNDLE_IDENTIFIER = com.boost.Algo;
				PRODUCT_NAME = "$(TARGET_NAME)";
				SWIFT_VERSION = 3.0;
			};
			name = Debug;
		};
		2CB02CC91F0A95D300FF0950 /* Release */ = {
			isa = XCBuildConfiguration;
			buildSettings = {
				ASSETCATALOG_COMPILER_APPICON_NAME = AppIcon;
				DEVELOPMENT_TEAM = 79E77Q3Z46;
				INFOPLIST_FILE = Algirithm/Info.plist;
				LD_RUNPATH_SEARCH_PATHS = "$(inherited) @executable_path/Frameworks";
				PRODUCT_BUNDLE_IDENTIFIER = com.boost.Algo;
				PRODUCT_NAME = "$(TARGET_NAME)";
				SWIFT_VERSION = 3.0;
			};
			name = Release;
		};
/* End XCBuildConfiguration section */

/* Begin XCConfigurationList section */
		2CB02CB01F0A95D100FF0950 /* Build configuration list for PBXProject "Algorithm" */ = {
			isa = XCConfigurationList;
			buildConfigurations = (
				2CB02CC51F0A95D300FF0950 /* Debug */,
				2CB02CC61F0A95D300FF0950 /* Release */,
			);
			defaultConfigurationIsVisible = 0;
			defaultConfigurationName = Release;
		};
		2CB02CC71F0A95D300FF0950 /* Build configuration list for PBXNativeTarget "Algorithm" */ = {
			isa = XCConfigurationList;
			buildConfigurations = (
				2CB02CC81F0A95D300FF0950 /* Debug */,
				2CB02CC91F0A95D300FF0950 /* Release */,
			);
			defaultConfigurationIsVisible = 0;
			defaultConfigurationName = Release;
		};
/* End XCConfigurationList section */
	};
	rootObject = 2CB02CAD1F0A95D100FF0950 /* Project object */;
}
